
Microsoft Visual Studio Solution File, Format Version 12.00
# Visual Studio Version 16
VisualStudioVersion = 16.0.30523.141
MinimumVisualStudioVersion = 10.0.40219.1
Project("{D954291E-2A0B-460D-934E-DC6B0785DB48}") = "CHPN_SHARED", "CHPN_SHARED\CHPN_SHARED.shproj", "{BA9A4A49-17AA-4108-8B6C-9D92981E6AB2}"
EndProject
Project("{FAE04EC0-301F-11D3-BF4B-00C04F79EFBC}") = "CHPN", "CHPN\CHPN.csproj", "{BD335486-7558-45D7-B020-6B4C29C5C652}"
EndProject
Project("{FAE04EC0-301F-11D3-BF4B-00C04F79EFBC}") = "CHPN35", "CHPN35\CHPN35.csproj", "{F118C518-C8DE-4515-BCE3-CD5016A579DF}"
EndProject
Project("{2150E333-8FDC-42A3-9474-1A3956D46DE8}") = "Solution Items", "Solution Items", "{4C5A823C-149C-4E96-89D6-EC8354D8D628}"
	ProjectSection(SolutionItems) = preProject
		.editorconfig = .editorconfig
		nuget.nuspec = nuget.nuspec
		README.md = README.md
	EndProjectSection
EndProject
Project("{2150E333-8FDC-42A3-9474-1A3956D46DE8}") = ".NET Framework", ".NET Framework", "{7B2C4DE9-462B-46A1-91ED-AEA1C73BB620}"
EndProject
Project("{2150E333-8FDC-42A3-9474-1A3956D46DE8}") = ".NET 5.0", ".NET 5.0", "{BAF34B9D-0C2F-47BB-AF6B-E2FCA9F159D8}"
EndProject
Project("{FAE04EC0-301F-11D3-BF4B-00C04F79EFBC}") = "CHPN.CORE", "CHPN.CORE\CHPN.CORE.csproj", "{C6550AC5-027B-4244-9D82-5B847026EC4D}"
EndProject
Global
	GlobalSection(SharedMSBuildProjectFiles) = preSolution
		CHPN_SHARED\CHPN_SHARED.projitems*{ba9a4a49-17aa-4108-8b6c-9d92981e6ab2}*SharedItemsImports = 13
		CHPN_SHARED\CHPN_SHARED.projitems*{bd335486-7558-45d7-b020-6b4c29c5c652}*SharedItemsImports = 4
		CHPN_SHARED\CHPN_SHARED.projitems*{c6550ac5-027b-4244-9d82-5b847026ec4d}*SharedItemsImports = 5
		CHPN_SHARED\CHPN_SHARED.projitems*{f118c518-c8de-4515-bce3-cd5016a579df}*SharedItemsImports = 4
	EndGlobalSection
	GlobalSection(SolutionConfigurationPlatforms) = preSolution
		Debug|Any CPU = Debug|Any CPU
		Release|Any CPU = Release|Any CPU
	EndGlobalSection
	GlobalSection(ProjectConfigurationPlatforms) = postSolution
		{BD335486-7558-45D7-B020-6B4C29C5C652}.Debug|Any CPU.ActiveCfg = Debug|Any CPU
		{BD335486-7558-45D7-B020-6B4C29C5C652}.Debug|Any CPU.Build.0 = Debug|Any CPU
		{BD335486-7558-45D7-B020-6B4C29C5C652}.Release|Any CPU.ActiveCfg = Release|Any CPU
		{BD335486-7558-45D7-B020-6B4C29C5C652}.Release|Any CPU.Build.0 = Release|Any CPU
		{F118C518-C8DE-4515-BCE3-CD5016A579DF}.Debug|Any CPU.ActiveCfg = Debug|Any CPU
		{F118C518-C8DE-4515-BCE3-CD5016A579DF}.Debug|Any CPU.Build.0 = Debug|Any CPU
		{F118C518-C8DE-4515-BCE3-CD5016A579DF}.Release|Any CPU.ActiveCfg = Release|Any CPU
		{F118C518-C8DE-4515-BCE3-CD5016A579DF}.Release|Any CPU.Build.0 = Release|Any CPU
		{C6550AC5-027B-4244-9D82-5B847026EC4D}.Debug|Any CPU.ActiveCfg = Debug|Any CPU
		{C6550AC5-027B-4244-9D82-5B847026EC4D}.Debug|Any CPU.Build.0 = Debug|Any CPU
		{C6550AC5-027B-4244-9D82-5B847026EC4D}.Release|Any CPU.ActiveCfg = Release|Any CPU
		{C6550AC5-027B-4244-9D82-5B847026EC4D}.Release|Any CPU.Build.0 = Release|Any CPU
	EndGlobalSection
	GlobalSection(SolutionProperties) = preSolution
		HideSolutionNode = FALSE
	EndGlobalSection
	GlobalSection(NestedProjects) = preSolution
		{BD335486-7558-45D7-B020-6B4C29C5C652} = {7B2C4DE9-462B-46A1-91ED-AEA1C73BB620}
		{F118C518-C8DE-4515-BCE3-CD5016A579DF} = {7B2C4DE9-462B-46A1-91ED-AEA1C73BB620}
		{C6550AC5-027B-4244-9D82-5B847026EC4D} = {BAF34B9D-0C2F-47BB-AF6B-E2FCA9F159D8}
	EndGlobalSection
	GlobalSection(ExtensibilityGlobals) = postSolution
		SolutionGuid = {D0C4085D-91EE-4E02-9AD0-220FF5AC33F5}
	EndGlobalSection
EndGlobal
