
Microsoft Visual Studio Solution File, Format Version 12.00
# Visual Studio Version 16
VisualStudioVersion = 16.0.30523.141
MinimumVisualStudioVersion = 10.0.40219.1
Project("{D954291E-2A0B-460D-934E-DC6B0785DB48}") = "CHPN_SHARED", "CHPN_SHARED\CHPN_SHARED.shproj", "{BA9A4A49-17AA-4108-8B6C-9D92981E6AB2}"
EndProject
Project("{2150E333-8FDC-42A3-9474-1A3956D46DE8}") = "Solution Items", "Solution Items", "{4C5A823C-149C-4E96-89D6-EC8354D8D628}"
	ProjectSection(SolutionItems) = preProject
		.editorconfig = .editorconfig
		README.md = README.md
	EndProjectSection
EndProject
Project("{9A19103F-16F7-4668-BE54-9A1E7A4F7556}") = "CHPN", "CHPN\CHPN.csproj", "{ECF0AD86-6044-4F2B-A79B-5016A7119C22}"
EndProject
Global
	GlobalSection(SharedMSBuildProjectFiles) = preSolution
		CHPN_SHARED\CHPN_SHARED.projitems*{ba9a4a49-17aa-4108-8b6c-9d92981e6ab2}*SharedItemsImports = 13
		CHPN_SHARED\CHPN_SHARED.projitems*{ecf0ad86-6044-4f2b-a79b-5016a7119c22}*SharedItemsImports = 5
	EndGlobalSection
	GlobalSection(SolutionConfigurationPlatforms) = preSolution
		Debug|Any CPU = Debug|Any CPU
		Release|Any CPU = Release|Any CPU
	EndGlobalSection
	GlobalSection(ProjectConfigurationPlatforms) = postSolution
		{ECF0AD86-6044-4F2B-A79B-5016A7119C22}.Debug|Any CPU.ActiveCfg = Debug|Any CPU
		{ECF0AD86-6044-4F2B-A79B-5016A7119C22}.Debug|Any CPU.Build.0 = Debug|Any CPU
		{ECF0AD86-6044-4F2B-A79B-5016A7119C22}.Release|Any CPU.ActiveCfg = Release|Any CPU
		{ECF0AD86-6044-4F2B-A79B-5016A7119C22}.Release|Any CPU.Build.0 = Release|Any CPU
	EndGlobalSection
	GlobalSection(SolutionProperties) = preSolution
		HideSolutionNode = FALSE
	EndGlobalSection
	GlobalSection(ExtensibilityGlobals) = postSolution
		SolutionGuid = {D0C4085D-91EE-4E02-9AD0-220FF5AC33F5}
	EndGlobalSection
EndGlobal
